
Microsoft Visual Studio Solution File, Format Version 12.00
# Visual Studio Version 16
VisualStudioVersion = 16.0.33927.289
MinimumVisualStudioVersion = 10.0.40219.1
Project("{FAE04EC0-301F-11D3-BF4B-00C04F79EFBC}") = "POS1", "POS1\POS1.csproj", "{FE3B3347-76A2-4BC5-8ADC-720146C7A0C2}"
EndProject
Global
	GlobalSection(SolutionConfigurationPlatforms) = preSolution
		Debug|Any CPU = Debug|Any CPU
		Release|Any CPU = Release|Any CPU
	EndGlobalSection
	GlobalSection(ProjectConfigurationPlatforms) = postSolution
		{FE3B3347-76A2-4BC5-8ADC-720146C7A0C2}.Debug|Any CPU.ActiveCfg = Debug|Any CPU
		{FE3B3347-76A2-4BC5-8ADC-720146C7A0C2}.Debug|Any CPU.Build.0 = Debug|Any CPU
		{FE3B3347-76A2-4BC5-8ADC-720146C7A0C2}.Release|Any CPU.ActiveCfg = Release|Any CPU
		{FE3B3347-76A2-4BC5-8ADC-720146C7A0C2}.Release|Any CPU.Build.0 = Release|Any CPU
	EndGlobalSection
	GlobalSection(SolutionProperties) = preSolution
		HideSolutionNode = FALSE
	EndGlobalSection
	GlobalSection(ExtensibilityGlobals) = postSolution
		SolutionGuid = {CE1AF0B8-9F30-4220-ABD0-E64BF397220B}
	EndGlobalSection
EndGlobal
